
Microsoft Visual Studio Solution File, Format Version 12.00
# Visual Studio Version 17
VisualStudioVersion = 17.6.33829.357
MinimumVisualStudioVersion = 10.0.40219.1
Project("{FAE04EC0-301F-11D3-BF4B-00C04F79EFBC}") = "VarAndDataTypes_B", "VarAndDataTypes_B.csproj", "{AE6DC8EA-95AC-4776-9ED2-A9218D636633}"
EndProject
Global
	GlobalSection(SolutionConfigurationPlatforms) = preSolution
		Debug|Any CPU = Debug|Any CPU
		Release|Any CPU = Release|Any CPU
	EndGlobalSection
	GlobalSection(ProjectConfigurationPlatforms) = postSolution
		{AE6DC8EA-95AC-4776-9ED2-A9218D636633}.Debug|Any CPU.ActiveCfg = Debug|Any CPU
		{AE6DC8EA-95AC-4776-9ED2-A9218D636633}.Debug|Any CPU.Build.0 = Debug|Any CPU
		{AE6DC8EA-95AC-4776-9ED2-A9218D636633}.Release|Any CPU.ActiveCfg = Release|Any CPU
		{AE6DC8EA-95AC-4776-9ED2-A9218D636633}.Release|Any CPU.Build.0 = Release|Any CPU
	EndGlobalSection
	GlobalSection(SolutionProperties) = preSolution
		HideSolutionNode = FALSE
	EndGlobalSection
	GlobalSection(ExtensibilityGlobals) = postSolution
		SolutionGuid = {96E29A55-E402-4C51-A078-81F2EB602ED9}
	EndGlobalSection
EndGlobal
